
Microsoft Visual Studio Solution File, Format Version 12.00
# Visual Studio Version 17
VisualStudioVersion = 17.13.36105.23 d17.13
MinimumVisualStudioVersion = 10.0.40219.1
Project("{FAE04EC0-301F-11D3-BF4B-00C04F79EFBC}") = "AspCoreMiddlewares", "AspCoreMiddlewares.csproj", "{98F33B57-D5D7-49A2-BD91-F0EFAC0AFCE9}"
EndProject
Global
	GlobalSection(SolutionConfigurationPlatforms) = preSolution
		Debug|Any CPU = Debug|Any CPU
		Release|Any CPU = Release|Any CPU
	EndGlobalSection
	GlobalSection(ProjectConfigurationPlatforms) = postSolution
		{98F33B57-D5D7-49A2-BD91-F0EFAC0AFCE9}.Debug|Any CPU.ActiveCfg = Debug|Any CPU
		{98F33B57-D5D7-49A2-BD91-F0EFAC0AFCE9}.Debug|Any CPU.Build.0 = Debug|Any CPU
		{98F33B57-D5D7-49A2-BD91-F0EFAC0AFCE9}.Release|Any CPU.ActiveCfg = Release|Any CPU
		{98F33B57-D5D7-49A2-BD91-F0EFAC0AFCE9}.Release|Any CPU.Build.0 = Release|Any CPU
	EndGlobalSection
	GlobalSection(SolutionProperties) = preSolution
		HideSolutionNode = FALSE
	EndGlobalSection
	GlobalSection(ExtensibilityGlobals) = postSolution
		SolutionGuid = {982DE1BD-E461-4F71-917F-F543CE2AFC9E}
	EndGlobalSection
EndGlobal
