
Microsoft Visual Studio Solution File, Format Version 12.00
# Visual Studio Version 17
VisualStudioVersion = 17.14.36310.24 d17.14
MinimumVisualStudioVersion = 10.0.40219.1
Project("{FAE04EC0-301F-11D3-BF4B-00C04F79EFBC}") = "FormTagHelper", "FormTagHelper.csproj", "{9B156D05-795C-4F04-87EE-29BBE67B46E8}"
EndProject
Global
	GlobalSection(SolutionConfigurationPlatforms) = preSolution
		Debug|Any CPU = Debug|Any CPU
		Release|Any CPU = Release|Any CPU
	EndGlobalSection
	GlobalSection(ProjectConfigurationPlatforms) = postSolution
		{9B156D05-795C-4F04-87EE-29BBE67B46E8}.Debug|Any CPU.ActiveCfg = Debug|Any CPU
		{9B156D05-795C-4F04-87EE-29BBE67B46E8}.Debug|Any CPU.Build.0 = Debug|Any CPU
		{9B156D05-795C-4F04-87EE-29BBE67B46E8}.Release|Any CPU.ActiveCfg = Release|Any CPU
		{9B156D05-795C-4F04-87EE-29BBE67B46E8}.Release|Any CPU.Build.0 = Release|Any CPU
	EndGlobalSection
	GlobalSection(SolutionProperties) = preSolution
		HideSolutionNode = FALSE
	EndGlobalSection
	GlobalSection(ExtensibilityGlobals) = postSolution
		SolutionGuid = {F285ACC7-878C-48B0-90B1-0C738C048A96}
	EndGlobalSection
EndGlobal
