
Microsoft Visual Studio Solution File, Format Version 12.00
# Visual Studio Version 17
VisualStudioVersion = 17.13.36105.23 d17.13
MinimumVisualStudioVersion = 10.0.40219.1
Project("{FAE04EC0-301F-11D3-BF4B-00C04F79EFBC}") = "ConvRoutingMVC", "ConvRoutingMVC.csproj", "{30ECADA6-A042-4284-8DC9-AD54EE270B1A}"
EndProject
Global
	GlobalSection(SolutionConfigurationPlatforms) = preSolution
		Debug|Any CPU = Debug|Any CPU
		Release|Any CPU = Release|Any CPU
	EndGlobalSection
	GlobalSection(ProjectConfigurationPlatforms) = postSolution
		{30ECADA6-A042-4284-8DC9-AD54EE270B1A}.Debug|Any CPU.ActiveCfg = Debug|Any CPU
		{30ECADA6-A042-4284-8DC9-AD54EE270B1A}.Debug|Any CPU.Build.0 = Debug|Any CPU
		{30ECADA6-A042-4284-8DC9-AD54EE270B1A}.Release|Any CPU.ActiveCfg = Release|Any CPU
		{30ECADA6-A042-4284-8DC9-AD54EE270B1A}.Release|Any CPU.Build.0 = Release|Any CPU
	EndGlobalSection
	GlobalSection(SolutionProperties) = preSolution
		HideSolutionNode = FALSE
	EndGlobalSection
	GlobalSection(ExtensibilityGlobals) = postSolution
		SolutionGuid = {06C9BB33-FA9B-4438-AF16-0E080AC2FE59}
	EndGlobalSection
EndGlobal
