
Microsoft Visual Studio Solution File, Format Version 12.00
# Visual Studio Version 17
VisualStudioVersion = 17.13.36105.23 d17.13
MinimumVisualStudioVersion = 10.0.40219.1
Project("{FAE04EC0-301F-11D3-BF4B-00C04F79EFBC}") = "LearMAPHttpMethods", "LearMAPHttpMethods.csproj", "{A6D525AE-B412-461D-82CE-EC42E400293B}"
EndProject
Global
	GlobalSection(SolutionConfigurationPlatforms) = preSolution
		Debug|Any CPU = Debug|Any CPU
		Release|Any CPU = Release|Any CPU
	EndGlobalSection
	GlobalSection(ProjectConfigurationPlatforms) = postSolution
		{A6D525AE-B412-461D-82CE-EC42E400293B}.Debug|Any CPU.ActiveCfg = Debug|Any CPU
		{A6D525AE-B412-461D-82CE-EC42E400293B}.Debug|Any CPU.Build.0 = Debug|Any CPU
		{A6D525AE-B412-461D-82CE-EC42E400293B}.Release|Any CPU.ActiveCfg = Release|Any CPU
		{A6D525AE-B412-461D-82CE-EC42E400293B}.Release|Any CPU.Build.0 = Release|Any CPU
	EndGlobalSection
	GlobalSection(SolutionProperties) = preSolution
		HideSolutionNode = FALSE
	EndGlobalSection
	GlobalSection(ExtensibilityGlobals) = postSolution
		SolutionGuid = {613CCB45-4A04-4558-A528-6E23846E9ABF}
	EndGlobalSection
EndGlobal
